// !$*UTF8*$!
{
	archiveVersion = 1;
	classes = {
	};
	objectVersion = 46;
	objects = {

/* Begin PBXBuildFile section */
		072799B91EA0686B00E01ADD /* RoundButton.swift in Sources */ = {isa = PBXBuildFile; fileRef = 072799B81EA0686B00E01ADD /* RoundButton.swift */; };
		073DB1301E82FA130041BF03 /* ViewController.swift in Sources */ = {isa = PBXBuildFile; fileRef = 073DB12F1E82FA130041BF03 /* ViewController.swift */; };
		075C8E101E80A57E00E88763 /* AppDelegate.swift in Sources */ = {isa = PBXBuildFile; fileRef = 075C8E0F1E80A57E00E88763 /* AppDelegate.swift */; };
		075C8E151E80A57E00E88763 /* Main.storyboard in Resources */ = {isa = PBXBuildFile; fileRef = 075C8E131E80A57E00E88763 /* Main.storyboard */; };
		075C8E171E80A57E00E88763 /* Assets.xcassets in Resources */ = {isa = PBXBuildFile; fileRef = 075C8E161E80A57E00E88763 /* Assets.xcassets */; };
		075C8E1A1E80A57E00E88763 /* LaunchScreen.storyboard in Resources */ = {isa = PBXBuildFile; fileRef = 075C8E181E80A57E00E88763 /* LaunchScreen.storyboard */; };
		075C8E251E80A57E00E88763 /* AniLogTests.swift in Sources */ = {isa = PBXBuildFile; fileRef = 075C8E241E80A57E00E88763 /* AniLogTests.swift */; };
		075C8E301E80A57E00E88763 /* AniLogUITests.swift in Sources */ = {isa = PBXBuildFile; fileRef = 075C8E2F1E80A57E00E88763 /* AniLogUITests.swift */; };
		076927281E859604007F3CE0 /* Constants.swift in Sources */ = {isa = PBXBuildFile; fileRef = 076927271E859604007F3CE0 /* Constants.swift */; };
		0769272A1E859786007F3CE0 /* CustomColors.swift in Sources */ = {isa = PBXBuildFile; fileRef = 076927291E859786007F3CE0 /* CustomColors.swift */; };
		0769272C1E859CC5007F3CE0 /* NavigationMenuTableViewController.swift in Sources */ = {isa = PBXBuildFile; fileRef = 0769272B1E859CC5007F3CE0 /* NavigationMenuTableViewController.swift */; };
		077A9F181EA5536D007414FE /* TaskInfoViewController.swift in Sources */ = {isa = PBXBuildFile; fileRef = 077A9F171EA5536D007414FE /* TaskInfoViewController.swift */; };
		0785ED1D1E80EB9C00CB261A /* TaskListViewController.swift in Sources */ = {isa = PBXBuildFile; fileRef = 0785ED1C1E80EB9C00CB261A /* TaskListViewController.swift */; };
		0785ED1F1E80EF4900CB261A /* TaskListCell.swift in Sources */ = {isa = PBXBuildFile; fileRef = 0785ED1E1E80EF4900CB261A /* TaskListCell.swift */; };
		078A62051EA3560700840131 /* AniTimer.swift in Sources */ = {isa = PBXBuildFile; fileRef = 078A62041EA3560700840131 /* AniTimer.swift */; };
		07CF26CA1EA06FEF00618F61 /* TimerViewController.swift in Sources */ = {isa = PBXBuildFile; fileRef = 07CF26C91EA06FEF00618F61 /* TimerViewController.swift */; };
		07D69A371EA42CE200863148 /* Utils.swift in Sources */ = {isa = PBXBuildFile; fileRef = 07D69A361EA42CE200863148 /* Utils.swift */; };
		07E45B641E9D85850014C045 /* myCore.xcdatamodeld in Sources */ = {isa = PBXBuildFile; fileRef = 07E45B621E9D85850014C045 /* myCore.xcdatamodeld */; };
		1A56E6BD09A5F976F4D88999 /* Pods_AniLogUITests.framework in Frameworks */ = {isa = PBXBuildFile; fileRef = 8805AEA5BBB13B1A521C0EFC /* Pods_AniLogUITests.framework */; };
		553CF1D7EDED7080FF3E847C /* Pods_AniLog.framework in Frameworks */ = {isa = PBXBuildFile; fileRef = 3BCFD5DC26AD05F851901501 /* Pods_AniLog.framework */; };
		9087CD7DB136B0579A08B5BE /* Pods_AniLogTests.framework in Frameworks */ = {isa = PBXBuildFile; fileRef = E307BF2083F388851340DF0A /* Pods_AniLogTests.framework */; };
/* End PBXBuildFile section */

/* Begin PBXContainerItemProxy section */
		075C8E211E80A57E00E88763 /* PBXContainerItemProxy */ = {
			isa = PBXContainerItemProxy;
			containerPortal = 075C8E041E80A57E00E88763 /* Project object */;
			proxyType = 1;
			remoteGlobalIDString = 075C8E0B1E80A57E00E88763;
			remoteInfo = AniLog;
		};
		075C8E2C1E80A57E00E88763 /* PBXContainerItemProxy */ = {
			isa = PBXContainerItemProxy;
			containerPortal = 075C8E041E80A57E00E88763 /* Project object */;
			proxyType = 1;
			remoteGlobalIDString = 075C8E0B1E80A57E00E88763;
			remoteInfo = AniLog;
		};
/* End PBXContainerItemProxy section */

/* Begin PBXFileReference section */
		072799B81EA0686B00E01ADD /* RoundButton.swift */ = {isa = PBXFileReference; fileEncoding = 4; lastKnownFileType = sourcecode.swift; path = RoundButton.swift; sourceTree = "<group>"; };
		073DB12F1E82FA130041BF03 /* ViewController.swift */ = {isa = PBXFileReference; fileEncoding = 4; lastKnownFileType = sourcecode.swift; path = ViewController.swift; sourceTree = "<group>"; };
		075C8E0C1E80A57E00E88763 /* AniLog.app */ = {isa = PBXFileReference; explicitFileType = wrapper.application; includeInIndex = 0; path = AniLog.app; sourceTree = BUILT_PRODUCTS_DIR; };
		075C8E0F1E80A57E00E88763 /* AppDelegate.swift */ = {isa = PBXFileReference; lastKnownFileType = sourcecode.swift; path = AppDelegate.swift; sourceTree = "<group>"; };
		075C8E141E80A57E00E88763 /* Base */ = {isa = PBXFileReference; lastKnownFileType = file.storyboard; name = Base; path = Base.lproj/Main.storyboard; sourceTree = "<group>"; };
		075C8E161E80A57E00E88763 /* Assets.xcassets */ = {isa = PBXFileReference; lastKnownFileType = folder.assetcatalog; path = Assets.xcassets; sourceTree = "<group>"; };
		075C8E191E80A57E00E88763 /* Base */ = {isa = PBXFileReference; lastKnownFileType = file.storyboard; name = Base; path = Base.lproj/LaunchScreen.storyboard; sourceTree = "<group>"; };
		075C8E1B1E80A57E00E88763 /* Info.plist */ = {isa = PBXFileReference; lastKnownFileType = text.plist.xml; path = Info.plist; sourceTree = "<group>"; };
		075C8E201E80A57E00E88763 /* AniLogTests.xctest */ = {isa = PBXFileReference; explicitFileType = wrapper.cfbundle; includeInIndex = 0; path = AniLogTests.xctest; sourceTree = BUILT_PRODUCTS_DIR; };
		075C8E241E80A57E00E88763 /* AniLogTests.swift */ = {isa = PBXFileReference; lastKnownFileType = sourcecode.swift; path = AniLogTests.swift; sourceTree = "<group>"; };
		075C8E261E80A57E00E88763 /* Info.plist */ = {isa = PBXFileReference; lastKnownFileType = text.plist.xml; path = Info.plist; sourceTree = "<group>"; };
		075C8E2B1E80A57E00E88763 /* AniLogUITests.xctest */ = {isa = PBXFileReference; explicitFileType = wrapper.cfbundle; includeInIndex = 0; path = AniLogUITests.xctest; sourceTree = BUILT_PRODUCTS_DIR; };
		075C8E2F1E80A57E00E88763 /* AniLogUITests.swift */ = {isa = PBXFileReference; lastKnownFileType = sourcecode.swift; path = AniLogUITests.swift; sourceTree = "<group>"; };
		075C8E311E80A57E00E88763 /* Info.plist */ = {isa = PBXFileReference; lastKnownFileType = text.plist.xml; path = Info.plist; sourceTree = "<group>"; };
		076927271E859604007F3CE0 /* Constants.swift */ = {isa = PBXFileReference; fileEncoding = 4; lastKnownFileType = sourcecode.swift; path = Constants.swift; sourceTree = "<group>"; };
		076927291E859786007F3CE0 /* CustomColors.swift */ = {isa = PBXFileReference; fileEncoding = 4; lastKnownFileType = sourcecode.swift; path = CustomColors.swift; sourceTree = "<group>"; };
		0769272B1E859CC5007F3CE0 /* NavigationMenuTableViewController.swift */ = {isa = PBXFileReference; fileEncoding = 4; lastKnownFileType = sourcecode.swift; path = NavigationMenuTableViewController.swift; sourceTree = "<group>"; };
		077A9F171EA5536D007414FE /* TaskInfoViewController.swift */ = {isa = PBXFileReference; fileEncoding = 4; lastKnownFileType = sourcecode.swift; path = TaskInfoViewController.swift; sourceTree = "<group>"; };
		0785ED1C1E80EB9C00CB261A /* TaskListViewController.swift */ = {isa = PBXFileReference; fileEncoding = 4; lastKnownFileType = sourcecode.swift; path = TaskListViewController.swift; sourceTree = "<group>"; };
		0785ED1E1E80EF4900CB261A /* TaskListCell.swift */ = {isa = PBXFileReference; fileEncoding = 4; lastKnownFileType = sourcecode.swift; path = TaskListCell.swift; sourceTree = "<group>"; };
		078A62041EA3560700840131 /* AniTimer.swift */ = {isa = PBXFileReference; fileEncoding = 4; lastKnownFileType = sourcecode.swift; path = AniTimer.swift; sourceTree = "<group>"; };
		07CF26C91EA06FEF00618F61 /* TimerViewController.swift */ = {isa = PBXFileReference; fileEncoding = 4; lastKnownFileType = sourcecode.swift; path = TimerViewController.swift; sourceTree = "<group>"; };
		07D69A361EA42CE200863148 /* Utils.swift */ = {isa = PBXFileReference; fileEncoding = 4; lastKnownFileType = sourcecode.swift; path = Utils.swift; sourceTree = "<group>"; };
		07E45B631E9D85850014C045 /* myCore.xcdatamodel */ = {isa = PBXFileReference; lastKnownFileType = wrapper.xcdatamodel; path = myCore.xcdatamodel; sourceTree = "<group>"; };
		1F5E94FB716C4FF57C5DA70B /* Pods-AniLogUITests.release.xcconfig */ = {isa = PBXFileReference; includeInIndex = 1; lastKnownFileType = text.xcconfig; name = "Pods-AniLogUITests.release.xcconfig"; path = "Pods/Target Support Files/Pods-AniLogUITests/Pods-AniLogUITests.release.xcconfig"; sourceTree = "<group>"; };
		2B13AC33F185CBAE28623D09 /* Pods-AniLogTests.release.xcconfig */ = {isa = PBXFileReference; includeInIndex = 1; lastKnownFileType = text.xcconfig; name = "Pods-AniLogTests.release.xcconfig"; path = "Pods/Target Support Files/Pods-AniLogTests/Pods-AniLogTests.release.xcconfig"; sourceTree = "<group>"; };
		2B952FA49D5B8121A4EDF39E /* Pods-AniLog.release.xcconfig */ = {isa = PBXFileReference; includeInIndex = 1; lastKnownFileType = text.xcconfig; name = "Pods-AniLog.release.xcconfig"; path = "Pods/Target Support Files/Pods-AniLog/Pods-AniLog.release.xcconfig"; sourceTree = "<group>"; };
		3BCFD5DC26AD05F851901501 /* Pods_AniLog.framework */ = {isa = PBXFileReference; explicitFileType = wrapper.framework; includeInIndex = 0; path = Pods_AniLog.framework; sourceTree = BUILT_PRODUCTS_DIR; };
		6B1104FECEBA6E72CA531E30 /* Pods-AniLogUITests.debug.xcconfig */ = {isa = PBXFileReference; includeInIndex = 1; lastKnownFileType = text.xcconfig; name = "Pods-AniLogUITests.debug.xcconfig"; path = "Pods/Target Support Files/Pods-AniLogUITests/Pods-AniLogUITests.debug.xcconfig"; sourceTree = "<group>"; };
		8805AEA5BBB13B1A521C0EFC /* Pods_AniLogUITests.framework */ = {isa = PBXFileReference; explicitFileType = wrapper.framework; includeInIndex = 0; path = Pods_AniLogUITests.framework; sourceTree = BUILT_PRODUCTS_DIR; };
		E307BF2083F388851340DF0A /* Pods_AniLogTests.framework */ = {isa = PBXFileReference; explicitFileType = wrapper.framework; includeInIndex = 0; path = Pods_AniLogTests.framework; sourceTree = BUILT_PRODUCTS_DIR; };
		E589A8E6142AC9AA5474A95C /* Pods-AniLog.debug.xcconfig */ = {isa = PBXFileReference; includeInIndex = 1; lastKnownFileType = text.xcconfig; name = "Pods-AniLog.debug.xcconfig"; path = "Pods/Target Support Files/Pods-AniLog/Pods-AniLog.debug.xcconfig"; sourceTree = "<group>"; };
		E63B7C70D123FED560C3A1D9 /* Pods-AniLogTests.debug.xcconfig */ = {isa = PBXFileReference; includeInIndex = 1; lastKnownFileType = text.xcconfig; name = "Pods-AniLogTests.debug.xcconfig"; path = "Pods/Target Support Files/Pods-AniLogTests/Pods-AniLogTests.debug.xcconfig"; sourceTree = "<group>"; };
/* End PBXFileReference section */

/* Begin PBXFrameworksBuildPhase section */
		075C8E091E80A57E00E88763 /* Frameworks */ = {
			isa = PBXFrameworksBuildPhase;
			buildActionMask = 2147483647;
			files = (
				553CF1D7EDED7080FF3E847C /* Pods_AniLog.framework in Frameworks */,
			);
			runOnlyForDeploymentPostprocessing = 0;
		};
		075C8E1D1E80A57E00E88763 /* Frameworks */ = {
			isa = PBXFrameworksBuildPhase;
			buildActionMask = 2147483647;
			files = (
				9087CD7DB136B0579A08B5BE /* Pods_AniLogTests.framework in Frameworks */,
			);
			runOnlyForDeploymentPostprocessing = 0;
		};
		075C8E281E80A57E00E88763 /* Frameworks */ = {
			isa = PBXFrameworksBuildPhase;
			buildActionMask = 2147483647;
			files = (
				1A56E6BD09A5F976F4D88999 /* Pods_AniLogUITests.framework in Frameworks */,
			);
			runOnlyForDeploymentPostprocessing = 0;
		};
/* End PBXFrameworksBuildPhase section */

/* Begin PBXGroup section */
		061F2388E2D5B2935D1E27F4 /* Frameworks */ = {
			isa = PBXGroup;
			children = (
				3BCFD5DC26AD05F851901501 /* Pods_AniLog.framework */,
				E307BF2083F388851340DF0A /* Pods_AniLogTests.framework */,
				8805AEA5BBB13B1A521C0EFC /* Pods_AniLogUITests.framework */,
			);
			name = Frameworks;
			sourceTree = "<group>";
		};
		072799B71EA0684300E01ADD /* Designables */ = {
			isa = PBXGroup;
			children = (
				072799B81EA0686B00E01ADD /* RoundButton.swift */,
			);
			name = Designables;
			sourceTree = "<group>";
		};
		073DB12C1E82F80E0041BF03 /* Supporting Files */ = {
			isa = PBXGroup;
			children = (
				075C8E0F1E80A57E00E88763 /* AppDelegate.swift */,
				076927271E859604007F3CE0 /* Constants.swift */,
				076927291E859786007F3CE0 /* CustomColors.swift */,
				075C8E1B1E80A57E00E88763 /* Info.plist */,
				075C8E181E80A57E00E88763 /* LaunchScreen.storyboard */,
				07D69A361EA42CE200863148 /* Utils.swift */,
			);
			name = "Supporting Files";
			sourceTree = "<group>";
		};
		073DB12D1E82F81B0041BF03 /* Controllers */ = {
			isa = PBXGroup;
			children = (
				0769272B1E859CC5007F3CE0 /* NavigationMenuTableViewController.swift */,
				077A9F171EA5536D007414FE /* TaskInfoViewController.swift */,
				0785ED1C1E80EB9C00CB261A /* TaskListViewController.swift */,
				07CF26C91EA06FEF00618F61 /* TimerViewController.swift */,
				073DB12F1E82FA130041BF03 /* ViewController.swift */,
			);
			name = Controllers;
			sourceTree = "<group>";
		};
		073DB12E1E82F82B0041BF03 /* Cells */ = {
			isa = PBXGroup;
			children = (
				0785ED1E1E80EF4900CB261A /* TaskListCell.swift */,
			);
			name = Cells;
			sourceTree = "<group>";
		};
		075C8E031E80A57E00E88763 = {
			isa = PBXGroup;
			children = (
				075C8E0E1E80A57E00E88763 /* AniLog */,
				075C8E231E80A57E00E88763 /* AniLogTests */,
				075C8E2E1E80A57E00E88763 /* AniLogUITests */,
				075C8E0D1E80A57E00E88763 /* Products */,
				A73F1BDD1EBD53582DEC78E6 /* Pods */,
				061F2388E2D5B2935D1E27F4 /* Frameworks */,
			);
			sourceTree = "<group>";
		};
		075C8E0D1E80A57E00E88763 /* Products */ = {
			isa = PBXGroup;
			children = (
				075C8E0C1E80A57E00E88763 /* AniLog.app */,
				075C8E201E80A57E00E88763 /* AniLogTests.xctest */,
				075C8E2B1E80A57E00E88763 /* AniLogUITests.xctest */,
			);
			name = Products;
			sourceTree = "<group>";
		};
		075C8E0E1E80A57E00E88763 /* AniLog */ = {
			isa = PBXGroup;
			children = (
				073DB12E1E82F82B0041BF03 /* Cells */,
				073DB12D1E82F81B0041BF03 /* Controllers */,
				072799B71EA0684300E01ADD /* Designables */,
				078A62061EA3562000840131 /* Models */,
				073DB12C1E82F80E0041BF03 /* Supporting Files */,
				075C8E131E80A57E00E88763 /* Main.storyboard */,
				075C8E161E80A57E00E88763 /* Assets.xcassets */,
				07E45B621E9D85850014C045 /* myCore.xcdatamodeld */,
			);
			path = AniLog;
			sourceTree = "<group>";
		};
		075C8E231E80A57E00E88763 /* AniLogTests */ = {
			isa = PBXGroup;
			children = (
				075C8E241E80A57E00E88763 /* AniLogTests.swift */,
				075C8E261E80A57E00E88763 /* Info.plist */,
			);
			path = AniLogTests;
			sourceTree = "<group>";
		};
		075C8E2E1E80A57E00E88763 /* AniLogUITests */ = {
			isa = PBXGroup;
			children = (
				075C8E2F1E80A57E00E88763 /* AniLogUITests.swift */,
				075C8E311E80A57E00E88763 /* Info.plist */,
			);
			path = AniLogUITests;
			sourceTree = "<group>";
		};
		078A62061EA3562000840131 /* Models */ = {
			isa = PBXGroup;
			children = (
				078A62041EA3560700840131 /* AniTimer.swift */,
			);
			name = Models;
			sourceTree = "<group>";
		};
		A73F1BDD1EBD53582DEC78E6 /* Pods */ = {
			isa = PBXGroup;
			children = (
				E589A8E6142AC9AA5474A95C /* Pods-AniLog.debug.xcconfig */,
				2B952FA49D5B8121A4EDF39E /* Pods-AniLog.release.xcconfig */,
				E63B7C70D123FED560C3A1D9 /* Pods-AniLogTests.debug.xcconfig */,
				2B13AC33F185CBAE28623D09 /* Pods-AniLogTests.release.xcconfig */,
				6B1104FECEBA6E72CA531E30 /* Pods-AniLogUITests.debug.xcconfig */,
				1F5E94FB716C4FF57C5DA70B /* Pods-AniLogUITests.release.xcconfig */,
			);
			name = Pods;
			sourceTree = "<group>";
		};
/* End PBXGroup section */

/* Begin PBXNativeTarget section */
		075C8E0B1E80A57E00E88763 /* AniLog */ = {
			isa = PBXNativeTarget;
			buildConfigurationList = 075C8E341E80A57E00E88763 /* Build configuration list for PBXNativeTarget "AniLog" */;
			buildPhases = (
				479266D2A13FACE99C2F126B /* [CP] Check Pods Manifest.lock */,
				075C8E081E80A57E00E88763 /* Sources */,
				075C8E091E80A57E00E88763 /* Frameworks */,
				075C8E0A1E80A57E00E88763 /* Resources */,
				75EE7BAB31C510BC3C868ED4 /* [CP] Embed Pods Frameworks */,
				FCFF351C4D4B957DFE7905AE /* [CP] Copy Pods Resources */,
			);
			buildRules = (
			);
			dependencies = (
			);
			name = AniLog;
			productName = AniLog;
			productReference = 075C8E0C1E80A57E00E88763 /* AniLog.app */;
			productType = "com.apple.product-type.application";
		};
		075C8E1F1E80A57E00E88763 /* AniLogTests */ = {
			isa = PBXNativeTarget;
			buildConfigurationList = 075C8E371E80A57E00E88763 /* Build configuration list for PBXNativeTarget "AniLogTests" */;
			buildPhases = (
				1FCB470AFACE593A75F7FBD5 /* [CP] Check Pods Manifest.lock */,
				075C8E1C1E80A57E00E88763 /* Sources */,
				075C8E1D1E80A57E00E88763 /* Frameworks */,
				075C8E1E1E80A57E00E88763 /* Resources */,
				0F33EC45D34AF7FC60386220 /* [CP] Embed Pods Frameworks */,
				E526994E9B18D0F29C1C82EC /* [CP] Copy Pods Resources */,
			);
			buildRules = (
			);
			dependencies = (
				075C8E221E80A57E00E88763 /* PBXTargetDependency */,
			);
			name = AniLogTests;
			productName = AniLogTests;
			productReference = 075C8E201E80A57E00E88763 /* AniLogTests.xctest */;
			productType = "com.apple.product-type.bundle.unit-test";
		};
		075C8E2A1E80A57E00E88763 /* AniLogUITests */ = {
			isa = PBXNativeTarget;
			buildConfigurationList = 075C8E3A1E80A57E00E88763 /* Build configuration list for PBXNativeTarget "AniLogUITests" */;
			buildPhases = (
				46CB07100E24854760D155AB /* [CP] Check Pods Manifest.lock */,
				075C8E271E80A57E00E88763 /* Sources */,
				075C8E281E80A57E00E88763 /* Frameworks */,
				075C8E291E80A57E00E88763 /* Resources */,
				9F61EFF03B788093F7D54A65 /* [CP] Copy Pods Resources */,
			);
			buildRules = (
			);
			dependencies = (
				075C8E2D1E80A57E00E88763 /* PBXTargetDependency */,
			);
			name = AniLogUITests;
			productName = AniLogUITests;
			productReference = 075C8E2B1E80A57E00E88763 /* AniLogUITests.xctest */;
			productType = "com.apple.product-type.bundle.ui-testing";
		};
/* End PBXNativeTarget section */

/* Begin PBXProject section */
		075C8E041E80A57E00E88763 /* Project object */ = {
			isa = PBXProject;
			attributes = {
				LastSwiftUpdateCheck = 0820;
				LastUpgradeCheck = 0820;
				ORGANIZATIONNAME = RCDF;
				TargetAttributes = {
					075C8E0B1E80A57E00E88763 = {
						CreatedOnToolsVersion = 8.2.1;
						DevelopmentTeam = 65MU9YPD2J;
						LastSwiftMigration = 0820;
						ProvisioningStyle = Automatic;
					};
					075C8E1F1E80A57E00E88763 = {
						CreatedOnToolsVersion = 8.2.1;
						DevelopmentTeam = 65MU9YPD2J;
						LastSwiftMigration = 0820;
						ProvisioningStyle = Automatic;
						TestTargetID = 075C8E0B1E80A57E00E88763;
					};
					075C8E2A1E80A57E00E88763 = {
						CreatedOnToolsVersion = 8.2.1;
						DevelopmentTeam = 65MU9YPD2J;
						LastSwiftMigration = 0820;
						ProvisioningStyle = Automatic;
						TestTargetID = 075C8E0B1E80A57E00E88763;
					};
				};
			};
			buildConfigurationList = 075C8E071E80A57E00E88763 /* Build configuration list for PBXProject "AniLog" */;
			compatibilityVersion = "Xcode 3.2";
			developmentRegion = English;
			hasScannedForEncodings = 0;
			knownRegions = (
				en,
				Base,
			);
			mainGroup = 075C8E031E80A57E00E88763;
			productRefGroup = 075C8E0D1E80A57E00E88763 /* Products */;
			projectDirPath = "";
			projectRoot = "";
			targets = (
				075C8E0B1E80A57E00E88763 /* AniLog */,
				075C8E1F1E80A57E00E88763 /* AniLogTests */,
				075C8E2A1E80A57E00E88763 /* AniLogUITests */,
			);
		};
/* End PBXProject section */

/* Begin PBXResourcesBuildPhase section */
		075C8E0A1E80A57E00E88763 /* Resources */ = {
			isa = PBXResourcesBuildPhase;
			buildActionMask = 2147483647;
			files = (
				075C8E1A1E80A57E00E88763 /* LaunchScreen.storyboard in Resources */,
				075C8E171E80A57E00E88763 /* Assets.xcassets in Resources */,
				075C8E151E80A57E00E88763 /* Main.storyboard in Resources */,
			);
			runOnlyForDeploymentPostprocessing = 0;
		};
		075C8E1E1E80A57E00E88763 /* Resources */ = {
			isa = PBXResourcesBuildPhase;
			buildActionMask = 2147483647;
			files = (
			);
			runOnlyForDeploymentPostprocessing = 0;
		};
		075C8E291E80A57E00E88763 /* Resources */ = {
			isa = PBXResourcesBuildPhase;
			buildActionMask = 2147483647;
			files = (
			);
			runOnlyForDeploymentPostprocessing = 0;
		};
/* End PBXResourcesBuildPhase section */

/* Begin PBXShellScriptBuildPhase section */
		0F33EC45D34AF7FC60386220 /* [CP] Embed Pods Frameworks */ = {
			isa = PBXShellScriptBuildPhase;
			buildActionMask = 2147483647;
			files = (
			);
			inputPaths = (
			);
			name = "[CP] Embed Pods Frameworks";
			outputPaths = (
			);
			runOnlyForDeploymentPostprocessing = 0;
			shellPath = /bin/sh;
			shellScript = "\"${SRCROOT}/Pods/Target Support Files/Pods-AniLogTests/Pods-AniLogTests-frameworks.sh\"\n";
			showEnvVarsInLog = 0;
		};
		1FCB470AFACE593A75F7FBD5 /* [CP] Check Pods Manifest.lock */ = {
			isa = PBXShellScriptBuildPhase;
			buildActionMask = 2147483647;
			files = (
			);
			inputPaths = (
			);
			name = "[CP] Check Pods Manifest.lock";
			outputPaths = (
			);
			runOnlyForDeploymentPostprocessing = 0;
			shellPath = /bin/sh;
			shellScript = "diff \"${PODS_ROOT}/../Podfile.lock\" \"${PODS_ROOT}/Manifest.lock\" > /dev/null\nif [[ $? != 0 ]] ; then\n    cat << EOM\nerror: The sandbox is not in sync with the Podfile.lock. Run 'pod install' or update your CocoaPods installation.\nEOM\n    exit 1\nfi\n";
			showEnvVarsInLog = 0;
		};
		46CB07100E24854760D155AB /* [CP] Check Pods Manifest.lock */ = {
			isa = PBXShellScriptBuildPhase;
			buildActionMask = 2147483647;
			files = (
			);
			inputPaths = (
			);
			name = "[CP] Check Pods Manifest.lock";
			outputPaths = (
			);
			runOnlyForDeploymentPostprocessing = 0;
			shellPath = /bin/sh;
			shellScript = "diff \"${PODS_ROOT}/../Podfile.lock\" \"${PODS_ROOT}/Manifest.lock\" > /dev/null\nif [[ $? != 0 ]] ; then\n    cat << EOM\nerror: The sandbox is not in sync with the Podfile.lock. Run 'pod install' or update your CocoaPods installation.\nEOM\n    exit 1\nfi\n";
			showEnvVarsInLog = 0;
		};
		479266D2A13FACE99C2F126B /* [CP] Check Pods Manifest.lock */ = {
			isa = PBXShellScriptBuildPhase;
			buildActionMask = 2147483647;
			files = (
			);
			inputPaths = (
			);
			name = "[CP] Check Pods Manifest.lock";
			outputPaths = (
			);
			runOnlyForDeploymentPostprocessing = 0;
			shellPath = /bin/sh;
			shellScript = "diff \"${PODS_ROOT}/../Podfile.lock\" \"${PODS_ROOT}/Manifest.lock\" > /dev/null\nif [[ $? != 0 ]] ; then\n    cat << EOM\nerror: The sandbox is not in sync with the Podfile.lock. Run 'pod install' or update your CocoaPods installation.\nEOM\n    exit 1\nfi\n";
			showEnvVarsInLog = 0;
		};
		75EE7BAB31C510BC3C868ED4 /* [CP] Embed Pods Frameworks */ = {
			isa = PBXShellScriptBuildPhase;
			buildActionMask = 2147483647;
			files = (
			);
			inputPaths = (
			);
			name = "[CP] Embed Pods Frameworks";
			outputPaths = (
			);
			runOnlyForDeploymentPostprocessing = 0;
			shellPath = /bin/sh;
			shellScript = "\"${SRCROOT}/Pods/Target Support Files/Pods-AniLog/Pods-AniLog-frameworks.sh\"\n";
			showEnvVarsInLog = 0;
		};
		9F61EFF03B788093F7D54A65 /* [CP] Copy Pods Resources */ = {
			isa = PBXShellScriptBuildPhase;
			buildActionMask = 2147483647;
			files = (
			);
			inputPaths = (
			);
			name = "[CP] Copy Pods Resources";
			outputPaths = (
			);
			runOnlyForDeploymentPostprocessing = 0;
			shellPath = /bin/sh;
			shellScript = "\"${SRCROOT}/Pods/Target Support Files/Pods-AniLogUITests/Pods-AniLogUITests-resources.sh\"\n";
			showEnvVarsInLog = 0;
		};
		E526994E9B18D0F29C1C82EC /* [CP] Copy Pods Resources */ = {
			isa = PBXShellScriptBuildPhase;
			buildActionMask = 2147483647;
			files = (
			);
			inputPaths = (
			);
			name = "[CP] Copy Pods Resources";
			outputPaths = (
			);
			runOnlyForDeploymentPostprocessing = 0;
			shellPath = /bin/sh;
			shellScript = "\"${SRCROOT}/Pods/Target Support Files/Pods-AniLogTests/Pods-AniLogTests-resources.sh\"\n";
			showEnvVarsInLog = 0;
		};
		FCFF351C4D4B957DFE7905AE /* [CP] Copy Pods Resources */ = {
			isa = PBXShellScriptBuildPhase;
			buildActionMask = 2147483647;
			files = (
			);
			inputPaths = (
			);
			name = "[CP] Copy Pods Resources";
			outputPaths = (
			);
			runOnlyForDeploymentPostprocessing = 0;
			shellPath = /bin/sh;
			shellScript = "\"${SRCROOT}/Pods/Target Support Files/Pods-AniLog/Pods-AniLog-resources.sh\"\n";
			showEnvVarsInLog = 0;
		};
/* End PBXShellScriptBuildPhase section */

/* Begin PBXSourcesBuildPhase section */
		075C8E081E80A57E00E88763 /* Sources */ = {
			isa = PBXSourcesBuildPhase;
			buildActionMask = 2147483647;
			files = (
				07CF26CA1EA06FEF00618F61 /* TimerViewController.swift in Sources */,
				072799B91EA0686B00E01ADD /* RoundButton.swift in Sources */,
				0769272C1E859CC5007F3CE0 /* NavigationMenuTableViewController.swift in Sources */,
				076927281E859604007F3CE0 /* Constants.swift in Sources */,
				07E45B641E9D85850014C045 /* myCore.xcdatamodeld in Sources */,
				0785ED1F1E80EF4900CB261A /* TaskListCell.swift in Sources */,
				075C8E101E80A57E00E88763 /* AppDelegate.swift in Sources */,
				073DB1301E82FA130041BF03 /* ViewController.swift in Sources */,
				078A62051EA3560700840131 /* AniTimer.swift in Sources */,
				0769272A1E859786007F3CE0 /* CustomColors.swift in Sources */,
				0785ED1D1E80EB9C00CB261A /* TaskListViewController.swift in Sources */,
				07D69A371EA42CE200863148 /* Utils.swift in Sources */,
				077A9F181EA5536D007414FE /* TaskInfoViewController.swift in Sources */,
			);
			runOnlyForDeploymentPostprocessing = 0;
		};
		075C8E1C1E80A57E00E88763 /* Sources */ = {
			isa = PBXSourcesBuildPhase;
			buildActionMask = 2147483647;
			files = (
				075C8E251E80A57E00E88763 /* AniLogTests.swift in Sources */,
			);
			runOnlyForDeploymentPostprocessing = 0;
		};
		075C8E271E80A57E00E88763 /* Sources */ = {
			isa = PBXSourcesBuildPhase;
			buildActionMask = 2147483647;
			files = (
				075C8E301E80A57E00E88763 /* AniLogUITests.swift in Sources */,
			);
			runOnlyForDeploymentPostprocessing = 0;
		};
/* End PBXSourcesBuildPhase section */

/* Begin PBXTargetDependency section */
		075C8E221E80A57E00E88763 /* PBXTargetDependency */ = {
			isa = PBXTargetDependency;
			target = 075C8E0B1E80A57E00E88763 /* AniLog */;
			targetProxy = 075C8E211E80A57E00E88763 /* PBXContainerItemProxy */;
		};
		075C8E2D1E80A57E00E88763 /* PBXTargetDependency */ = {
			isa = PBXTargetDependency;
			target = 075C8E0B1E80A57E00E88763 /* AniLog */;
			targetProxy = 075C8E2C1E80A57E00E88763 /* PBXContainerItemProxy */;
		};
/* End PBXTargetDependency section */

/* Begin PBXVariantGroup section */
		075C8E131E80A57E00E88763 /* Main.storyboard */ = {
			isa = PBXVariantGroup;
			children = (
				075C8E141E80A57E00E88763 /* Base */,
			);
			name = Main.storyboard;
			sourceTree = "<group>";
		};
		075C8E181E80A57E00E88763 /* LaunchScreen.storyboard */ = {
			isa = PBXVariantGroup;
			children = (
				075C8E191E80A57E00E88763 /* Base */,
			);
			name = LaunchScreen.storyboard;
			sourceTree = "<group>";
		};
/* End PBXVariantGroup section */

/* Begin XCBuildConfiguration section */
		075C8E321E80A57E00E88763 /* Debug */ = {
			isa = XCBuildConfiguration;
			buildSettings = {
				ALWAYS_SEARCH_USER_PATHS = NO;
				CLANG_ANALYZER_NONNULL = YES;
				CLANG_CXX_LANGUAGE_STANDARD = "gnu++0x";
				CLANG_CXX_LIBRARY = "libc++";
				CLANG_ENABLE_MODULES = YES;
				CLANG_ENABLE_OBJC_ARC = YES;
				CLANG_WARN_BOOL_CONVERSION = YES;
				CLANG_WARN_CONSTANT_CONVERSION = YES;
				CLANG_WARN_DIRECT_OBJC_ISA_USAGE = YES_ERROR;
				CLANG_WARN_DOCUMENTATION_COMMENTS = YES;
				CLANG_WARN_EMPTY_BODY = YES;
				CLANG_WARN_ENUM_CONVERSION = YES;
				CLANG_WARN_INFINITE_RECURSION = YES;
				CLANG_WARN_INT_CONVERSION = YES;
				CLANG_WARN_OBJC_ROOT_CLASS = YES_ERROR;
				CLANG_WARN_SUSPICIOUS_MOVE = YES;
				CLANG_WARN_UNREACHABLE_CODE = YES;
				CLANG_WARN__DUPLICATE_METHOD_MATCH = YES;
				"CODE_SIGN_IDENTITY[sdk=iphoneos*]" = "iPhone Developer";
				COPY_PHASE_STRIP = NO;
				DEBUG_INFORMATION_FORMAT = dwarf;
				ENABLE_STRICT_OBJC_MSGSEND = YES;
				ENABLE_TESTABILITY = YES;
				GCC_C_LANGUAGE_STANDARD = gnu99;
				GCC_DYNAMIC_NO_PIC = NO;
				GCC_NO_COMMON_BLOCKS = YES;
				GCC_OPTIMIZATION_LEVEL = 0;
				GCC_PREPROCESSOR_DEFINITIONS = (
					"DEBUG=1",
					"$(inherited)",
				);
				GCC_WARN_64_TO_32_BIT_CONVERSION = YES;
				GCC_WARN_ABOUT_RETURN_TYPE = YES_ERROR;
				GCC_WARN_UNDECLARED_SELECTOR = YES;
				GCC_WARN_UNINITIALIZED_AUTOS = YES_AGGRESSIVE;
				GCC_WARN_UNUSED_FUNCTION = YES;
				GCC_WARN_UNUSED_VARIABLE = YES;
				IPHONEOS_DEPLOYMENT_TARGET = 10.2;
				MTL_ENABLE_DEBUG_INFO = YES;
				ONLY_ACTIVE_ARCH = YES;
				SDKROOT = iphoneos;
				SWIFT_ACTIVE_COMPILATION_CONDITIONS = DEBUG;
				SWIFT_OPTIMIZATION_LEVEL = "-Onone";
			};
			name = Debug;
		};
		075C8E331E80A57E00E88763 /* Release */ = {
			isa = XCBuildConfiguration;
			buildSettings = {
				ALWAYS_SEARCH_USER_PATHS = NO;
				CLANG_ANALYZER_NONNULL = YES;
				CLANG_CXX_LANGUAGE_STANDARD = "gnu++0x";
				CLANG_CXX_LIBRARY = "libc++";
				CLANG_ENABLE_MODULES = YES;
				CLANG_ENABLE_OBJC_ARC = YES;
				CLANG_WARN_BOOL_CONVERSION = YES;
				CLANG_WARN_CONSTANT_CONVERSION = YES;
				CLANG_WARN_DIRECT_OBJC_ISA_USAGE = YES_ERROR;
				CLANG_WARN_DOCUMENTATION_COMMENTS = YES;
				CLANG_WARN_EMPTY_BODY = YES;
				CLANG_WARN_ENUM_CONVERSION = YES;
				CLANG_WARN_INFINITE_RECURSION = YES;
				CLANG_WARN_INT_CONVERSION = YES;
				CLANG_WARN_OBJC_ROOT_CLASS = YES_ERROR;
				CLANG_WARN_SUSPICIOUS_MOVE = YES;
				CLANG_WARN_UNREACHABLE_CODE = YES;
				CLANG_WARN__DUPLICATE_METHOD_MATCH = YES;
				"CODE_SIGN_IDENTITY[sdk=iphoneos*]" = "iPhone Developer";
				COPY_PHASE_STRIP = NO;
				DEBUG_INFORMATION_FORMAT = "dwarf-with-dsym";
				ENABLE_NS_ASSERTIONS = NO;
				ENABLE_STRICT_OBJC_MSGSEND = YES;
				GCC_C_LANGUAGE_STANDARD = gnu99;
				GCC_NO_COMMON_BLOCKS = YES;
				GCC_WARN_64_TO_32_BIT_CONVERSION = YES;
				GCC_WARN_ABOUT_RETURN_TYPE = YES_ERROR;
				GCC_WARN_UNDECLARED_SELECTOR = YES;
				GCC_WARN_UNINITIALIZED_AUTOS = YES_AGGRESSIVE;
				GCC_WARN_UNUSED_FUNCTION = YES;
				GCC_WARN_UNUSED_VARIABLE = YES;
				IPHONEOS_DEPLOYMENT_TARGET = 10.2;
				MTL_ENABLE_DEBUG_INFO = NO;
				SDKROOT = iphoneos;
				SWIFT_OPTIMIZATION_LEVEL = "-Owholemodule";
				VALIDATE_PRODUCT = YES;
			};
			name = Release;
		};
		075C8E351E80A57E00E88763 /* Debug */ = {
			isa = XCBuildConfiguration;
			baseConfigurationReference = E589A8E6142AC9AA5474A95C /* Pods-AniLog.debug.xcconfig */;
			buildSettings = {
				ASSETCATALOG_COMPILER_APPICON_NAME = AppIcon;
				DEVELOPMENT_TEAM = 65MU9YPD2J;
				INFOPLIST_FILE = AniLog/Info.plist;
				LD_RUNPATH_SEARCH_PATHS = "$(inherited) @executable_path/Frameworks";
				PRODUCT_BUNDLE_IDENTIFIER = rcdf.AniLog;
				PRODUCT_NAME = "$(TARGET_NAME)";
				SWIFT_VERSION = 3.0;
			};
			name = Debug;
		};
		075C8E361E80A57E00E88763 /* Release */ = {
			isa = XCBuildConfiguration;
			baseConfigurationReference = 2B952FA49D5B8121A4EDF39E /* Pods-AniLog.release.xcconfig */;
			buildSettings = {
				ASSETCATALOG_COMPILER_APPICON_NAME = AppIcon;
				DEVELOPMENT_TEAM = 65MU9YPD2J;
				INFOPLIST_FILE = AniLog/Info.plist;
				LD_RUNPATH_SEARCH_PATHS = "$(inherited) @executable_path/Frameworks";
				PRODUCT_BUNDLE_IDENTIFIER = rcdf.AniLog;
				PRODUCT_NAME = "$(TARGET_NAME)";
				SWIFT_VERSION = 3.0;
			};
			name = Release;
		};
		075C8E381E80A57E00E88763 /* Debug */ = {
			isa = XCBuildConfiguration;
			baseConfigurationReference = E63B7C70D123FED560C3A1D9 /* Pods-AniLogTests.debug.xcconfig */;
			buildSettings = {
				ALWAYS_EMBED_SWIFT_STANDARD_LIBRARIES = YES;
				BUNDLE_LOADER = "$(TEST_HOST)";
				DEVELOPMENT_TEAM = 65MU9YPD2J;
				INFOPLIST_FILE = AniLogTests/Info.plist;
				LD_RUNPATH_SEARCH_PATHS = "$(inherited) @executable_path/Frameworks @loader_path/Frameworks";
				PRODUCT_BUNDLE_IDENTIFIER = rcdf.AniLogTests;
				PRODUCT_NAME = "$(TARGET_NAME)";
				SWIFT_VERSION = 3.0;
				TEST_HOST = "$(BUILT_PRODUCTS_DIR)/AniLog.app/AniLog";
			};
			name = Debug;
		};
		075C8E391E80A57E00E88763 /* Release */ = {
			isa = XCBuildConfiguration;
			baseConfigurationReference = 2B13AC33F185CBAE28623D09 /* Pods-AniLogTests.release.xcconfig */;
			buildSettings = {
				ALWAYS_EMBED_SWIFT_STANDARD_LIBRARIES = YES;
				BUNDLE_LOADER = "$(TEST_HOST)";
				DEVELOPMENT_TEAM = 65MU9YPD2J;
				INFOPLIST_FILE = AniLogTests/Info.plist;
				LD_RUNPATH_SEARCH_PATHS = "$(inherited) @executable_path/Frameworks @loader_path/Frameworks";
				PRODUCT_BUNDLE_IDENTIFIER = rcdf.AniLogTests;
				PRODUCT_NAME = "$(TARGET_NAME)";
				SWIFT_VERSION = 3.0;
				TEST_HOST = "$(BUILT_PRODUCTS_DIR)/AniLog.app/AniLog";
			};
			name = Release;
		};
		075C8E3B1E80A57E00E88763 /* Debug */ = {
			isa = XCBuildConfiguration;
			baseConfigurationReference = 6B1104FECEBA6E72CA531E30 /* Pods-AniLogUITests.debug.xcconfig */;
			buildSettings = {
				ALWAYS_EMBED_SWIFT_STANDARD_LIBRARIES = YES;
				DEVELOPMENT_TEAM = 65MU9YPD2J;
				INFOPLIST_FILE = AniLogUITests/Info.plist;
				LD_RUNPATH_SEARCH_PATHS = "$(inherited) @executable_path/Frameworks @loader_path/Frameworks";
				PRODUCT_BUNDLE_IDENTIFIER = rcdf.AniLogUITests;
				PRODUCT_NAME = "$(TARGET_NAME)";
				SWIFT_VERSION = 3.0;
				TEST_TARGET_NAME = AniLog;
			};
			name = Debug;
		};
		075C8E3C1E80A57E00E88763 /* Release */ = {
			isa = XCBuildConfiguration;
			baseConfigurationReference = 1F5E94FB716C4FF57C5DA70B /* Pods-AniLogUITests.release.xcconfig */;
			buildSettings = {
				ALWAYS_EMBED_SWIFT_STANDARD_LIBRARIES = YES;
				DEVELOPMENT_TEAM = 65MU9YPD2J;
				INFOPLIST_FILE = AniLogUITests/Info.plist;
				LD_RUNPATH_SEARCH_PATHS = "$(inherited) @executable_path/Frameworks @loader_path/Frameworks";
				PRODUCT_BUNDLE_IDENTIFIER = rcdf.AniLogUITests;
				PRODUCT_NAME = "$(TARGET_NAME)";
				SWIFT_VERSION = 3.0;
				TEST_TARGET_NAME = AniLog;
			};
			name = Release;
		};
/* End XCBuildConfiguration section */

/* Begin XCConfigurationList section */
		075C8E071E80A57E00E88763 /* Build configuration list for PBXProject "AniLog" */ = {
			isa = XCConfigurationList;
			buildConfigurations = (
				075C8E321E80A57E00E88763 /* Debug */,
				075C8E331E80A57E00E88763 /* Release */,
			);
			defaultConfigurationIsVisible = 0;
			defaultConfigurationName = Release;
		};
		075C8E341E80A57E00E88763 /* Build configuration list for PBXNativeTarget "AniLog" */ = {
			isa = XCConfigurationList;
			buildConfigurations = (
				075C8E351E80A57E00E88763 /* Debug */,
				075C8E361E80A57E00E88763 /* Release */,
			);
			defaultConfigurationIsVisible = 0;
			defaultConfigurationName = Release;
		};
		075C8E371E80A57E00E88763 /* Build configuration list for PBXNativeTarget "AniLogTests" */ = {
			isa = XCConfigurationList;
			buildConfigurations = (
				075C8E381E80A57E00E88763 /* Debug */,
				075C8E391E80A57E00E88763 /* Release */,
			);
			defaultConfigurationIsVisible = 0;
			defaultConfigurationName = Release;
		};
		075C8E3A1E80A57E00E88763 /* Build configuration list for PBXNativeTarget "AniLogUITests" */ = {
			isa = XCConfigurationList;
			buildConfigurations = (
				075C8E3B1E80A57E00E88763 /* Debug */,
				075C8E3C1E80A57E00E88763 /* Release */,
			);
			defaultConfigurationIsVisible = 0;
			defaultConfigurationName = Release;
		};
/* End XCConfigurationList section */

/* Begin XCVersionGroup section */
		07E45B621E9D85850014C045 /* myCore.xcdatamodeld */ = {
			isa = XCVersionGroup;
			children = (
				07E45B631E9D85850014C045 /* myCore.xcdatamodel */,
			);
			currentVersion = 07E45B631E9D85850014C045 /* myCore.xcdatamodel */;
			path = myCore.xcdatamodeld;
			sourceTree = "<group>";
			versionGroupType = wrapper.xcdatamodel;
		};
/* End XCVersionGroup section */
	};
	rootObject = 075C8E041E80A57E00E88763 /* Project object */;
}
